
Microsoft Visual Studio Solution File, Format Version 12.00
# Visual Studio Version 17
VisualStudioVersion = 17.5.33414.496
MinimumVisualStudioVersion = 10.0.40219.1
Project("{9A19103F-16F7-4668-BE54-9A1E7A4F7556}") = "Task1App", "Task1App.csproj", "{53711010-3C9E-4087-B40B-65ECA8803DDE}"
EndProject
Global
	GlobalSection(SolutionConfigurationPlatforms) = preSolution
		Debug|Any CPU = Debug|Any CPU
		Release|Any CPU = Release|Any CPU
	EndGlobalSection
	GlobalSection(ProjectConfigurationPlatforms) = postSolution
		{53711010-3C9E-4087-B40B-65ECA8803DDE}.Debug|Any CPU.ActiveCfg = Debug|Any CPU
		{53711010-3C9E-4087-B40B-65ECA8803DDE}.Debug|Any CPU.Build.0 = Debug|Any CPU
		{53711010-3C9E-4087-B40B-65ECA8803DDE}.Release|Any CPU.ActiveCfg = Release|Any CPU
		{53711010-3C9E-4087-B40B-65ECA8803DDE}.Release|Any CPU.Build.0 = Release|Any CPU
	EndGlobalSection
	GlobalSection(SolutionProperties) = preSolution
		HideSolutionNode = FALSE
	EndGlobalSection
	GlobalSection(ExtensibilityGlobals) = postSolution
		SolutionGuid = {8CE7EF25-3790-4C06-B296-5FABC9648634}
	EndGlobalSection
EndGlobal
